github.com/connorsadler/go-utils/cfshttplogging v0.0.0-20240930161143-cac7d8e35a41 h1:NS8ytkdP91ESySmloYz/xbk+8mOVF8L7K/AZUY6nu+g=
github.com/connorsadler/go-utils/cfshttplogging v0.0.0-20240930161143-cac7d8e35a41/go.mod h1:ZiNSuenVDb80lee5YNG0w/aLi1i2R5lHN1cRrcMeYyg=
github.com/connorsadler/go-utils/cfshttplogging v0.0.0-20240930162828-4ee7667b429d h1:/wi76L4nZaa267IywjkQF10T4NEQM098qNHkIuHkfp4=
github.com/connorsadler/go-utils/cfshttplogging v0.0.0-20240930162828-4ee7667b429d/go.mod h1:ZiNSuenVDb80lee5YNG0w/aLi1i2R5lHN1cRrcMeYyg=
github.com/connorsadler/go-utils/cfshttplogging v0.0.0-20240930163256-b743d41d6a1f h1:zLOIFc7xxCjBniieefkb11R6vhYRk4fcz7aTIp+j/GY=
github.com/connorsadler/go-utils/cfshttplogging v0.0.0-20240930163256-b743d41d6a1f/go.mod h1:ZiNSuenVDb80lee5YNG0w/aLi1i2R5lHN1cRrcMeYyg=
